{
  "object": {
    "pins": [
      {
        "package": "CSDJournal",
        "repositoryURL": "https://github.com/tonystone/Csdjournal.git",
        "state": {
          "branch": "master",
          "revision": "888985e0046e50025591332aa2a0c1fffdd3b001",
          "version": null
        }
      }
    ]
  },
  "version": 1
}
